# Generated by pub
# See https://dart.dev/tools/pub/glossary#lockfile
packages:
  collection:
    dependency: transitive
    description:
      name: collection
      url: "https://pub.dartlang.org"
    source: hosted
    version: "1.16.0"
  crypto:
    dependency: transitive
    description:
      name: crypto
      url: "https://pub.dartlang.org"
    source: hosted
    version: "3.0.2"
  fennec:
    dependency: "direct main"
    description:
      name: fennec
      url: "https://pub.dartlang.org"
    source: hosted
    version: "0.0.5"
  fennec_jwt:
    dependency: "direct main"
    description:
      name: fennec_jwt
      url: "https://pub.dartlang.org"
    source: hosted
    version: "0.0.2"
  fennec_pg:
    dependency: "direct main"
    description:
      name: fennec_pg
      url: "https://pub.dartlang.org"
    source: hosted
    version: "0.0.1"
  lints:
    dependency: "direct dev"
    description:
      name: lints
      url: "https://pub.dartlang.org"
    source: hosted
    version: "1.0.1"
  mime:
    dependency: transitive
    description:
      name: mime
      url: "https://pub.dartlang.org"
    source: hosted
    version: "1.0.2"
  path:
    dependency: transitive
    description:
      name: path
      url: "https://pub.dartlang.org"
    source: hosted
    version: "1.8.2"
  typed_data:
    dependency: transitive
    description:
      name: typed_data
      url: "https://pub.dartlang.org"
    source: hosted
    version: "1.3.1"
sdks:
  dart: ">=2.16.2 <3.0.0"
